
Microsoft Visual Studio Solution File, Format Version 12.00
# Visual Studio Version 17
VisualStudioVersion = 17.14.36603.0 d17.14
MinimumVisualStudioVersion = 10.0.40219.1
Project("{FAE04EC0-301F-11D3-BF4B-00C04F79EFBC}") = "Smart retail manager website", "Smart retail manager website\Smart retail manager website.csproj", "{6B1805C8-B1FD-4139-BDA8-5B696CCF257C}"
EndProject
Global
	GlobalSection(SolutionConfigurationPlatforms) = preSolution
		Debug|Any CPU = Debug|Any CPU
		Release|Any CPU = Release|Any CPU
	EndGlobalSection
	GlobalSection(ProjectConfigurationPlatforms) = postSolution
		{6B1805C8-B1FD-4139-BDA8-5B696CCF257C}.Debug|Any CPU.ActiveCfg = Debug|Any CPU
		{6B1805C8-B1FD-4139-BDA8-5B696CCF257C}.Debug|Any CPU.Build.0 = Debug|Any CPU
		{6B1805C8-B1FD-4139-BDA8-5B696CCF257C}.Release|Any CPU.ActiveCfg = Release|Any CPU
		{6B1805C8-B1FD-4139-BDA8-5B696CCF257C}.Release|Any CPU.Build.0 = Release|Any CPU
	EndGlobalSection
	GlobalSection(SolutionProperties) = preSolution
		HideSolutionNode = FALSE
	EndGlobalSection
	GlobalSection(ExtensibilityGlobals) = postSolution
		SolutionGuid = {000BA826-3DA3-4A23-9366-CF6B89BAC04C}
	EndGlobalSection
EndGlobal
